# @generated - this file is auto-generated by `mise lock` https://mise.en.dev/dev-tools/mise-lock.html

[[tools."aqua:evilmartians/lefthook"]]
version = "2.1.8"
backend = "aqua:evilmartians/lefthook"

[tools."aqua:evilmartians/lefthook"."platforms.linux-arm64"]
checksum = "sha256:2c0af40eb3209917733f72329abc2e91e51aa5fab85475ec515978c852c4d470"
url = "https://github.com/evilmartians/lefthook/releases/download/v2.1.8/lefthook_2.1.8_Linux_aarch64.gz"
provenance = "github-attestations"

[tools."aqua:evilmartians/lefthook"."platforms.linux-arm64-musl"]
checksum = "sha256:2c0af40eb3209917733f72329abc2e91e51aa5fab85475ec515978c852c4d470"
url = "https://github.com/evilmartians/lefthook/releases/download/v2.1.8/lefthook_2.1.8_Linux_aarch64.gz"
provenance = "github-attestations"

[tools."aqua:evilmartians/lefthook"."platforms.linux-x64"]
checksum = "sha256:15420bb2ce30ba5b71e242542b28f06447630011af924a3324ff63a0fee32f8c"
url = "https://github.com/evilmartians/lefthook/releases/download/v2.1.8/lefthook_2.1.8_Linux_x86_64.gz"
provenance = "github-attestations"

[tools."aqua:evilmartians/lefthook"."platforms.linux-x64-musl"]
checksum = "sha256:15420bb2ce30ba5b71e242542b28f06447630011af924a3324ff63a0fee32f8c"
url = "https://github.com/evilmartians/lefthook/releases/download/v2.1.8/lefthook_2.1.8_Linux_x86_64.gz"
provenance = "github-attestations"

[tools."aqua:evilmartians/lefthook"."platforms.macos-arm64"]
checksum = "sha256:911d530d68ba1495beb32009bf895e296208a556a030d254e8d5641823ba7a25"
url = "https://github.com/evilmartians/lefthook/releases/download/v2.1.8/lefthook_2.1.8_MacOS_arm64.gz"
provenance = "github-attestations"

[tools."aqua:evilmartians/lefthook"."platforms.macos-x64"]
checksum = "sha256:5d95768cf7383e21e5320dc1b351671fca009bc44800ec2366f824f5540d354f"
url = "https://github.com/evilmartians/lefthook/releases/download/v2.1.8/lefthook_2.1.8_MacOS_x86_64.gz"
provenance = "github-attestations"

[tools."aqua:evilmartians/lefthook"."platforms.windows-x64"]
checksum = "sha256:13cab0ebb26b89c66bbf53a658c4126bf34202a857412690bb61c14c530b1ecf"
url = "https://github.com/evilmartians/lefthook/releases/download/v2.1.8/lefthook_2.1.8_Windows_x86_64.gz"
provenance = "github-attestations"

[[tools."aqua:google/yamlfmt"]]
version = "0.21.0"
backend = "aqua:google/yamlfmt"

[tools."aqua:google/yamlfmt"."platforms.linux-arm64"]
checksum = "sha256:5b2689c963b177271330c5ce8ca7396751107e5a826be46f03d2cb9b6f0c7784"
url = "https://github.com/google/yamlfmt/releases/download/v0.21.0/yamlfmt_0.21.0_Linux_arm64.tar.gz"

[tools."aqua:google/yamlfmt"."platforms.linux-arm64-musl"]
checksum = "sha256:5b2689c963b177271330c5ce8ca7396751107e5a826be46f03d2cb9b6f0c7784"
url = "https://github.com/google/yamlfmt/releases/download/v0.21.0/yamlfmt_0.21.0_Linux_arm64.tar.gz"

[tools."aqua:google/yamlfmt"."platforms.linux-x64"]
checksum = "sha256:1f300d9257b232bb3b541d7fb1b0e6b3c121bcbab381c86cd38cb8722be8a566"
url = "https://github.com/google/yamlfmt/releases/download/v0.21.0/yamlfmt_0.21.0_Linux_x86_64.tar.gz"

[tools."aqua:google/yamlfmt"."platforms.linux-x64-musl"]
checksum = "sha256:1f300d9257b232bb3b541d7fb1b0e6b3c121bcbab381c86cd38cb8722be8a566"
url = "https://github.com/google/yamlfmt/releases/download/v0.21.0/yamlfmt_0.21.0_Linux_x86_64.tar.gz"

[tools."aqua:google/yamlfmt"."platforms.macos-arm64"]
checksum = "sha256:4b417ecb94339d57e4c122ecc948c1a00fe328b5853266de9806e652a92858fa"
url = "https://github.com/google/yamlfmt/releases/download/v0.21.0/yamlfmt_0.21.0_Darwin_arm64.tar.gz"

[tools."aqua:google/yamlfmt"."platforms.macos-x64"]
checksum = "sha256:060e943bcb8583c456810eb1ff4721b4f46c4a0c1a4432449d5dc3bbfe29a22b"
url = "https://github.com/google/yamlfmt/releases/download/v0.21.0/yamlfmt_0.21.0_Darwin_x86_64.tar.gz"

[tools."aqua:google/yamlfmt"."platforms.windows-x64"]
checksum = "sha256:07f80ce5d741eb4b0a9380ac78a19c7cb5bd44e2a9a47a5a04839e3ba54dd463"
url = "https://github.com/google/yamlfmt/releases/download/v0.21.0/yamlfmt_0.21.0_Windows_x86_64.tar.gz"

[[tools."aqua:operator-framework/operator-registry"]]
version = "1.68.0"
backend = "aqua:operator-framework/operator-registry"

[tools."aqua:operator-framework/operator-registry"."platforms.linux-arm64"]
checksum = "sha256:a9ebb4617ba46b6ab67e0fef575fa1839759304c1e5a427fc12350c4ff1d8495"
url = "https://github.com/operator-framework/operator-registry/releases/download/v1.68.0/linux-arm64-opm"

[tools."aqua:operator-framework/operator-registry"."platforms.linux-arm64-musl"]
checksum = "sha256:a9ebb4617ba46b6ab67e0fef575fa1839759304c1e5a427fc12350c4ff1d8495"
url = "https://github.com/operator-framework/operator-registry/releases/download/v1.68.0/linux-arm64-opm"

[tools."aqua:operator-framework/operator-registry"."platforms.linux-x64"]
checksum = "sha256:fb1e6372323671f938d9bbefef710e17b6baf94c7c63ff8ecf62cf3a4e73db74"
url = "https://github.com/operator-framework/operator-registry/releases/download/v1.68.0/linux-amd64-opm"

[tools."aqua:operator-framework/operator-registry"."platforms.linux-x64-musl"]
checksum = "sha256:fb1e6372323671f938d9bbefef710e17b6baf94c7c63ff8ecf62cf3a4e73db74"
url = "https://github.com/operator-framework/operator-registry/releases/download/v1.68.0/linux-amd64-opm"

[tools."aqua:operator-framework/operator-registry"."platforms.macos-arm64"]
checksum = "sha256:87741ec6b3fdefad31c472bd3177336d8394f8be3a78c688417683f582270cf6"
url = "https://github.com/operator-framework/operator-registry/releases/download/v1.68.0/darwin-arm64-opm"

[tools."aqua:operator-framework/operator-registry"."platforms.macos-x64"]
checksum = "sha256:a760feeefdafb2bde93aeda84178ceebc94781492acbdb0dc770b4793784b3a8"
url = "https://github.com/operator-framework/operator-registry/releases/download/v1.68.0/darwin-amd64-opm"

[tools."aqua:operator-framework/operator-registry"."platforms.windows-x64"]
checksum = "sha256:b18dee857eea1071aef3ddd6b6a12c546e8674d416fc5f203800102696306627"
url = "https://github.com/operator-framework/operator-registry/releases/download/v1.68.0/windows-amd64-opm.exe"

[[tools."aqua:zizmorcore/zizmor"]]
version = "1.25.2"
backend = "aqua:zizmorcore/zizmor"

[tools."aqua:zizmorcore/zizmor"."platforms.linux-arm64"]
checksum = "sha256:4b4b9491112c2a09b318101c0d3349b73af1c4f532e097dd6d0164f2abda760d"
url = "https://github.com/zizmorcore/zizmor/releases/download/v1.25.2/zizmor-aarch64-unknown-linux-gnu.tar.gz"
provenance = "github-attestations"

[tools."aqua:zizmorcore/zizmor"."platforms.linux-arm64-musl"]
provenance = "github-attestations"

[tools."aqua:zizmorcore/zizmor"."platforms.linux-x64"]
checksum = "sha256:aa1facd105f0d83fe5c55b1adcd9d7417de5d83aa27471f91dc0b66cf3803577"
url = "https://github.com/zizmorcore/zizmor/releases/download/v1.25.2/zizmor-x86_64-unknown-linux-gnu.tar.gz"
provenance = "github-attestations"

[tools."aqua:zizmorcore/zizmor"."platforms.linux-x64-musl"]
provenance = "github-attestations"

[tools."aqua:zizmorcore/zizmor"."platforms.macos-arm64"]
checksum = "sha256:624ef0e09521aecd862126be0f6d7754669af2646750d68ac48a114be33c3146"
url = "https://github.com/zizmorcore/zizmor/releases/download/v1.25.2/zizmor-aarch64-apple-darwin.tar.gz"
provenance = "github-attestations"

[tools."aqua:zizmorcore/zizmor"."platforms.macos-x64"]
checksum = "sha256:353271b9ec301dd4ba158af481323c831c6e9b494d5ac3f5aa58cf4b207699cc"
url = "https://github.com/zizmorcore/zizmor/releases/download/v1.25.2/zizmor-x86_64-apple-darwin.tar.gz"
provenance = "github-attestations"

[tools."aqua:zizmorcore/zizmor"."platforms.windows-x64"]
checksum = "sha256:65d46a8144f701200621b580f632076d80d082d60856de9f88793a95fb5882d7"
url = "https://github.com/zizmorcore/zizmor/releases/download/v1.25.2/zizmor-x86_64-pc-windows-msvc.zip"
provenance = "github-attestations"

[[tools.go]]
version = "1.26.3"
backend = "core:go"

[tools.go."platforms.linux-arm64"]
checksum = "sha256:9d89a3ea57d141c2b22d70083f2c8459ba3890f2d9e818e7e933b75614936565"
url = "https://dl.google.com/go/go1.26.3.linux-arm64.tar.gz"

[tools.go."platforms.linux-arm64-musl"]
checksum = "sha256:9d89a3ea57d141c2b22d70083f2c8459ba3890f2d9e818e7e933b75614936565"
url = "https://dl.google.com/go/go1.26.3.linux-arm64.tar.gz"

[tools.go."platforms.linux-x64"]
checksum = "sha256:2b2cfc7148493da5e73981bffbf3353af381d5f93e789c82c79aff64962eb556"
url = "https://dl.google.com/go/go1.26.3.linux-amd64.tar.gz"

[tools.go."platforms.linux-x64-musl"]
checksum = "sha256:2b2cfc7148493da5e73981bffbf3353af381d5f93e789c82c79aff64962eb556"
url = "https://dl.google.com/go/go1.26.3.linux-amd64.tar.gz"

[tools.go."platforms.macos-arm64"]
checksum = "sha256:875cf54a15311eee2c99b9dd67c68c4a49351d489ab622bf2cfd28c8f2078d3c"
url = "https://dl.google.com/go/go1.26.3.darwin-arm64.tar.gz"

[tools.go."platforms.macos-x64"]
checksum = "sha256:278d580b32e299fe4a9c990fcf2d02acfe538c7e551a6ee18f9c7164573d2c63"
url = "https://dl.google.com/go/go1.26.3.darwin-amd64.tar.gz"

[tools.go."platforms.windows-x64"]
checksum = "sha256:20d2ceafb4ed41b96b879010927b28bc92a5be57a7c1801ce365a9ca51d3224a"
url = "https://dl.google.com/go/go1.26.3.windows-amd64.zip"

[[tools."go:sigs.k8s.io/controller-tools/cmd/controller-gen"]]
version = "0.21.0"
backend = "go:sigs.k8s.io/controller-tools/cmd/controller-gen"

[[tools.golangci-lint]]
version = "2.12.2"
backend = "aqua:golangci/golangci-lint"

[tools.golangci-lint."platforms.linux-arm64"]
checksum = "sha256:44cd40a8c76c86755375adfeea52cfd3533cb43d7bd647771e0ae065e166df3a"
url = "https://github.com/golangci/golangci-lint/releases/download/v2.12.2/golangci-lint-2.12.2-linux-arm64.tar.gz"
provenance = "github-attestations"

[tools.golangci-lint."platforms.linux-arm64-musl"]
checksum = "sha256:44cd40a8c76c86755375adfeea52cfd3533cb43d7bd647771e0ae065e166df3a"
url = "https://github.com/golangci/golangci-lint/releases/download/v2.12.2/golangci-lint-2.12.2-linux-arm64.tar.gz"
provenance = "github-attestations"

[tools.golangci-lint."platforms.linux-x64"]
checksum = "sha256:8df580d2670fed8fa984aac0507099af8df275e665215f5c7a2ae3943893a553"
url = "https://github.com/golangci/golangci-lint/releases/download/v2.12.2/golangci-lint-2.12.2-linux-amd64.tar.gz"
provenance = "github-attestations"

[tools.golangci-lint."platforms.linux-x64-musl"]
checksum = "sha256:8df580d2670fed8fa984aac0507099af8df275e665215f5c7a2ae3943893a553"
url = "https://github.com/golangci/golangci-lint/releases/download/v2.12.2/golangci-lint-2.12.2-linux-amd64.tar.gz"
provenance = "github-attestations"

[tools.golangci-lint."platforms.macos-arm64"]
checksum = "sha256:a9c54498731b3128f79e090be6110f3e5fffccc617b08142ed244d4126c73f29"
url = "https://github.com/golangci/golangci-lint/releases/download/v2.12.2/golangci-lint-2.12.2-darwin-arm64.tar.gz"
provenance = "github-attestations"

[tools.golangci-lint."platforms.macos-x64"]
checksum = "sha256:f6f06d94b6241521c53d15450c5209b028270bf966f842afb11c030c79f5bc16"
url = "https://github.com/golangci/golangci-lint/releases/download/v2.12.2/golangci-lint-2.12.2-darwin-amd64.tar.gz"
provenance = "github-attestations"

[tools.golangci-lint."platforms.windows-x64"]
checksum = "sha256:bd42e3ebc8cb4ececb86941983baaf1dc221bbb04d838e94ce63b49cc91e02bb"
url = "https://github.com/golangci/golangci-lint/releases/download/v2.12.2/golangci-lint-2.12.2-windows-amd64.zip"
provenance = "github-attestations"

[[tools.helm]]
version = "4.2.0"
backend = "aqua:helm/helm"

[tools.helm."platforms.linux-arm64"]
checksum = "sha256:1f8de130dfbd04de64978e7b852a7a547be1404956a366608276d2520b678670"
url = "https://get.helm.sh/helm-v4.2.0-linux-arm64.tar.gz"

[tools.helm."platforms.linux-arm64-musl"]
checksum = "sha256:1f8de130dfbd04de64978e7b852a7a547be1404956a366608276d2520b678670"
url = "https://get.helm.sh/helm-v4.2.0-linux-arm64.tar.gz"

[tools.helm."platforms.linux-x64"]
checksum = "sha256:97dbeb971be4ac4b27e3839976d9564c0fb35c6f3b1da89dd1e292d236af4096"
url = "https://get.helm.sh/helm-v4.2.0-linux-amd64.tar.gz"

[tools.helm."platforms.linux-x64-musl"]
checksum = "sha256:97dbeb971be4ac4b27e3839976d9564c0fb35c6f3b1da89dd1e292d236af4096"
url = "https://get.helm.sh/helm-v4.2.0-linux-amd64.tar.gz"

[tools.helm."platforms.macos-arm64"]
checksum = "sha256:f13f959015447b6bc309f9fd506509926543988a39035c088b52522ec95e2acb"
url = "https://get.helm.sh/helm-v4.2.0-darwin-arm64.tar.gz"

[tools.helm."platforms.macos-x64"]
checksum = "sha256:1376ea697140e4db316736e760d5a47d12afc1524dce704476ef06fd7fdeddc6"
url = "https://get.helm.sh/helm-v4.2.0-darwin-amd64.tar.gz"

[tools.helm."platforms.windows-x64"]
checksum = "sha256:34bf9659f8f04f3841a60131183b8e2acc44e260db4c93b889ff09718cacca6f"
url = "https://get.helm.sh/helm-v4.2.0-windows-amd64.tar.gz"

[[tools.kind]]
version = "0.31.0"
backend = "aqua:kubernetes-sigs/kind"

[tools.kind."platforms.linux-arm64"]
checksum = "sha256:8e1014e87c34901cc422a1445866835d1e666f2a61301c27e722bdeab5a1f7e4"
url = "https://github.com/kubernetes-sigs/kind/releases/download/v0.31.0/kind-linux-arm64"

[tools.kind."platforms.linux-arm64-musl"]
checksum = "sha256:8e1014e87c34901cc422a1445866835d1e666f2a61301c27e722bdeab5a1f7e4"
url = "https://github.com/kubernetes-sigs/kind/releases/download/v0.31.0/kind-linux-arm64"

[tools.kind."platforms.linux-x64"]
checksum = "sha256:eb244cbafcc157dff60cf68693c14c9a75c4e6e6fedaf9cd71c58117cb93e3fa"
url = "https://github.com/kubernetes-sigs/kind/releases/download/v0.31.0/kind-linux-amd64"

[tools.kind."platforms.linux-x64-musl"]
checksum = "sha256:eb244cbafcc157dff60cf68693c14c9a75c4e6e6fedaf9cd71c58117cb93e3fa"
url = "https://github.com/kubernetes-sigs/kind/releases/download/v0.31.0/kind-linux-amd64"

[tools.kind."platforms.macos-arm64"]
checksum = "sha256:88bf554fe9da6311c9f8c2d082613c002911a476f6b5090e9420b35d84e70c5c"
url = "https://github.com/kubernetes-sigs/kind/releases/download/v0.31.0/kind-darwin-arm64"

[tools.kind."platforms.macos-x64"]
checksum = "sha256:a8b3cf77b2ad77aec5bf710d1a2589d9117576132af812885cad41e9dede4d4e"
url = "https://github.com/kubernetes-sigs/kind/releases/download/v0.31.0/kind-darwin-amd64"

[tools.kind."platforms.windows-x64"]
checksum = "sha256:2c3a9ff954de16244380778683cf99e271bfc2fac9c6c4e797e4623c45e59d9d"
url = "https://github.com/kubernetes-sigs/kind/releases/download/v0.31.0/kind-windows-amd64"

[[tools.kube-controller-tools]]
version = "0.21.0"
backend = "github:kubernetes-sigs/controller-tools"

[tools.kube-controller-tools."platforms.linux-arm64"]
checksum = "sha256:1af64bb144658c61f1b61c6392e17d56dd4f7364497625613ff435d7e468f60b"
url = "https://github.com/kubernetes-sigs/controller-tools/releases/download/v0.21.0/controller-gen-linux-arm64"
url_api = "https://api.github.com/repos/kubernetes-sigs/controller-tools/releases/assets/413514955"
github_attestations = "unavailable"

[tools.kube-controller-tools."platforms.linux-arm64-musl"]
checksum = "sha256:1af64bb144658c61f1b61c6392e17d56dd4f7364497625613ff435d7e468f60b"
url = "https://github.com/kubernetes-sigs/controller-tools/releases/download/v0.21.0/controller-gen-linux-arm64"
url_api = "https://api.github.com/repos/kubernetes-sigs/controller-tools/releases/assets/413514955"
github_attestations = "unavailable"

[tools.kube-controller-tools."platforms.linux-x64"]
checksum = "sha256:3ec7994b7a41515a7ad8aef8e517429c0a78060df59d5587ac8662db6a8b035f"
url = "https://github.com/kubernetes-sigs/controller-tools/releases/download/v0.21.0/controller-gen-linux-amd64"
url_api = "https://api.github.com/repos/kubernetes-sigs/controller-tools/releases/assets/413514957"
github_attestations = "unavailable"

[tools.kube-controller-tools."platforms.linux-x64-musl"]
checksum = "sha256:3ec7994b7a41515a7ad8aef8e517429c0a78060df59d5587ac8662db6a8b035f"
url = "https://github.com/kubernetes-sigs/controller-tools/releases/download/v0.21.0/controller-gen-linux-amd64"
url_api = "https://api.github.com/repos/kubernetes-sigs/controller-tools/releases/assets/413514957"
github_attestations = "unavailable"

[tools.kube-controller-tools."platforms.macos-arm64"]
checksum = "sha256:13ac7abcd90dd2129da972024bea7da5be7df2c5404c8f715010490996f4ab43"
url = "https://github.com/kubernetes-sigs/controller-tools/releases/download/v0.21.0/controller-gen-darwin-arm64"
url_api = "https://api.github.com/repos/kubernetes-sigs/controller-tools/releases/assets/413514954"
github_attestations = "unavailable"

[tools.kube-controller-tools."platforms.macos-x64"]
checksum = "sha256:96fc4e98d7144e37bae90b73631c9dad944ccfb69002fc7c9d1ab448babb207d"
url = "https://github.com/kubernetes-sigs/controller-tools/releases/download/v0.21.0/controller-gen-darwin-amd64"
url_api = "https://api.github.com/repos/kubernetes-sigs/controller-tools/releases/assets/413514958"
github_attestations = "unavailable"

[tools.kube-controller-tools."platforms.windows-x64"]
checksum = "sha256:a49ec014273de590ea1d898179fe5c07876b4bdb84f6b9b3474fab6dc43c554a"
url = "https://github.com/kubernetes-sigs/controller-tools/releases/download/v0.21.0/controller-gen-windows-amd64.exe"
url_api = "https://api.github.com/repos/kubernetes-sigs/controller-tools/releases/assets/413514953"
github_attestations = "unavailable"

[[tools.kubectl]]
version = "1.35.1"
backend = "aqua:kubernetes/kubernetes/kubectl"

[tools.kubectl."platforms.linux-arm64"]
checksum = "sha256:706256e21a4e9192ee62d1a007ac0bfcff2b0b26e92cc7baad487a6a5d08ff82"
url = "https://dl.k8s.io/v1.35.1/bin/linux/arm64/kubectl"

[tools.kubectl."platforms.linux-arm64-musl"]
checksum = "sha256:706256e21a4e9192ee62d1a007ac0bfcff2b0b26e92cc7baad487a6a5d08ff82"
url = "https://dl.k8s.io/v1.35.1/bin/linux/arm64/kubectl"

[tools.kubectl."platforms.linux-x64"]
checksum = "sha256:36e2f4ac66259232341dd7866952d64a958846470f6a9a6a813b9117bd965207"
url = "https://dl.k8s.io/v1.35.1/bin/linux/amd64/kubectl"

[tools.kubectl."platforms.linux-x64-musl"]
checksum = "sha256:36e2f4ac66259232341dd7866952d64a958846470f6a9a6a813b9117bd965207"
url = "https://dl.k8s.io/v1.35.1/bin/linux/amd64/kubectl"

[tools.kubectl."platforms.macos-arm64"]
checksum = "sha256:2b000dded317319b1ebca19c2bc70f772c7aaa0e8962fae2d987ba04dd1a1b50"
url = "https://dl.k8s.io/v1.35.1/bin/darwin/arm64/kubectl"

[tools.kubectl."platforms.macos-x64"]
checksum = "sha256:07a04d82bc2de2f5d53dfd81f2109ca864f634a82b225257daa2f9c2db15ccef"
url = "https://dl.k8s.io/v1.35.1/bin/darwin/amd64/kubectl"

[tools.kubectl."platforms.windows-x64"]
checksum = "sha256:d2d28ca3440ed94262b9b4bffb30119cfca69ac30b9cad531a08e8ebd9720dd2"
url = "https://dl.k8s.io/v1.35.1/bin/windows/amd64/kubectl.exe"

[[tools.kustomize]]
version = "5.8.1"
backend = "aqua:kubernetes-sigs/kustomize"

[tools.kustomize."platforms.linux-arm64"]
checksum = "sha256:0953ea3e476f66d6ddfcd911d750f5167b9365aa9491b2326398e289fef2c142"
url = "https://github.com/kubernetes-sigs/kustomize/releases/download/kustomize/v5.8.1/kustomize_v5.8.1_linux_arm64.tar.gz"

[tools.kustomize."platforms.linux-arm64-musl"]
checksum = "sha256:0953ea3e476f66d6ddfcd911d750f5167b9365aa9491b2326398e289fef2c142"
url = "https://github.com/kubernetes-sigs/kustomize/releases/download/kustomize/v5.8.1/kustomize_v5.8.1_linux_arm64.tar.gz"

[tools.kustomize."platforms.linux-x64"]
checksum = "sha256:029a7f0f4e1932c52a0476cf02a0fd855c0bb85694b82c338fc648dcb53a819d"
url = "https://github.com/kubernetes-sigs/kustomize/releases/download/kustomize/v5.8.1/kustomize_v5.8.1_linux_amd64.tar.gz"

[tools.kustomize."platforms.linux-x64-musl"]
checksum = "sha256:029a7f0f4e1932c52a0476cf02a0fd855c0bb85694b82c338fc648dcb53a819d"
url = "https://github.com/kubernetes-sigs/kustomize/releases/download/kustomize/v5.8.1/kustomize_v5.8.1_linux_amd64.tar.gz"

[tools.kustomize."platforms.macos-arm64"]
checksum = "sha256:8886f8a78474e608cc81234f729fda188a9767da23e28925802f00ece2bab288"
url = "https://github.com/kubernetes-sigs/kustomize/releases/download/kustomize/v5.8.1/kustomize_v5.8.1_darwin_arm64.tar.gz"

[tools.kustomize."platforms.macos-x64"]
checksum = "sha256:ee7cf0c1e3592aa7bb66ba82b359933a95e7f2e0b36e5f53ed0a4535b017f2f8"
url = "https://github.com/kubernetes-sigs/kustomize/releases/download/kustomize/v5.8.1/kustomize_v5.8.1_darwin_amd64.tar.gz"

[tools.kustomize."platforms.windows-x64"]
checksum = "sha256:8ec7f5e815e526d4622c06df0a7793d8cfb6eb1c74f816b46166097fef8b26c6"
url = "https://github.com/kubernetes-sigs/kustomize/releases/download/kustomize/v5.8.1/kustomize_v5.8.1_windows_amd64.zip"

[[tools.operator-sdk]]
version = "1.42.2"
backend = "aqua:operator-framework/operator-sdk"

[tools.operator-sdk."platforms.linux-arm64"]
checksum = "sha256:5fbb4c9f1eb3d8f6e9f870bfb48160842b9b541ce644d602282ef86578fedc1c"
url = "https://github.com/operator-framework/operator-sdk/releases/download/v1.42.2/operator-sdk_linux_arm64"

[tools.operator-sdk."platforms.linux-arm64-musl"]
checksum = "sha256:5fbb4c9f1eb3d8f6e9f870bfb48160842b9b541ce644d602282ef86578fedc1c"
url = "https://github.com/operator-framework/operator-sdk/releases/download/v1.42.2/operator-sdk_linux_arm64"

[tools.operator-sdk."platforms.linux-x64"]
checksum = "sha256:8847c45ea994ac62b3cd134f77934df2a16a56a39a634eb988e0d1db99d1a413"
url = "https://github.com/operator-framework/operator-sdk/releases/download/v1.42.2/operator-sdk_linux_amd64"

[tools.operator-sdk."platforms.linux-x64-musl"]
checksum = "sha256:8847c45ea994ac62b3cd134f77934df2a16a56a39a634eb988e0d1db99d1a413"
url = "https://github.com/operator-framework/operator-sdk/releases/download/v1.42.2/operator-sdk_linux_amd64"

[tools.operator-sdk."platforms.macos-arm64"]
checksum = "sha256:8f7c19e35ce6ad4069502fcb66ea89548d0173ff8a02b253b0be4ad4909eeaf6"
url = "https://github.com/operator-framework/operator-sdk/releases/download/v1.42.2/operator-sdk_darwin_arm64"

[tools.operator-sdk."platforms.macos-x64"]
checksum = "sha256:0293b988886b5a2a82b6c141c46293915f0c67cae43cabdb36a0ffdf8af042b6"
url = "https://github.com/operator-framework/operator-sdk/releases/download/v1.42.2/operator-sdk_darwin_amd64"

[[tools.setup-envtest]]
version = "0.24.1"
backend = "aqua:kubernetes-sigs/controller-runtime/setup-envtest"

[tools.setup-envtest."platforms.linux-arm64"]
checksum = "sha256:c5d8968ec3f2a120b66bc13bd36f80fe4150c34aae7cc491bf9624c8680296c7"
url = "https://github.com/kubernetes-sigs/controller-runtime/releases/download/v0.24.1/setup-envtest-linux-arm64"

[tools.setup-envtest."platforms.linux-arm64-musl"]
checksum = "sha256:c5d8968ec3f2a120b66bc13bd36f80fe4150c34aae7cc491bf9624c8680296c7"
url = "https://github.com/kubernetes-sigs/controller-runtime/releases/download/v0.24.1/setup-envtest-linux-arm64"

[tools.setup-envtest."platforms.linux-x64"]
checksum = "sha256:a9a78fadfc338a38188332f36863c76877f1c86df1a83d2241d2bfc3935297d2"
url = "https://github.com/kubernetes-sigs/controller-runtime/releases/download/v0.24.1/setup-envtest-linux-amd64"

[tools.setup-envtest."platforms.linux-x64-musl"]
checksum = "sha256:a9a78fadfc338a38188332f36863c76877f1c86df1a83d2241d2bfc3935297d2"
url = "https://github.com/kubernetes-sigs/controller-runtime/releases/download/v0.24.1/setup-envtest-linux-amd64"

[tools.setup-envtest."platforms.macos-arm64"]
checksum = "sha256:7e59a0d526f6946aa2f114d34b2e309639c811f3a4f83d56f37b6e3197c6fdfb"
url = "https://github.com/kubernetes-sigs/controller-runtime/releases/download/v0.24.1/setup-envtest-darwin-arm64"

[tools.setup-envtest."platforms.macos-x64"]
checksum = "sha256:3fb17f2b1b0f09b7e5395180bd2bcb1d53bb78d72bb0415106b7ae8bf64e23d0"
url = "https://github.com/kubernetes-sigs/controller-runtime/releases/download/v0.24.1/setup-envtest-darwin-amd64"

[tools.setup-envtest."platforms.windows-x64"]
checksum = "sha256:e50f6272ff3c649a57c41eb6cae1957083185a150d1a0cca4061c71430298260"
url = "https://github.com/kubernetes-sigs/controller-runtime/releases/download/v0.24.1/setup-envtest-windows-amd64.exe"
