# @generated - this file is auto-generated by `mise lock` https://mise.en.dev/dev-tools/mise-lock.html

[[tools.go]]
version = "1.26.4"
backend = "core:go"

[tools.go."platforms.linux-arm64"]
checksum = "sha256:ef758ae7c6cf9267c9c0ef080b8965f453d89ab2d25d9eb22de4405925238768"
url = "https://dl.google.com/go/go1.26.4.linux-arm64.tar.gz"

[tools.go."platforms.linux-arm64-musl"]
checksum = "sha256:ef758ae7c6cf9267c9c0ef080b8965f453d89ab2d25d9eb22de4405925238768"
url = "https://dl.google.com/go/go1.26.4.linux-arm64.tar.gz"

[tools.go."platforms.linux-x64"]
checksum = "sha256:1153d3d50e0ac764b447adfe05c2bcf08e889d42a02e0fe0259bd47f6733ad7f"
url = "https://dl.google.com/go/go1.26.4.linux-amd64.tar.gz"

[tools.go."platforms.linux-x64-musl"]
checksum = "sha256:1153d3d50e0ac764b447adfe05c2bcf08e889d42a02e0fe0259bd47f6733ad7f"
url = "https://dl.google.com/go/go1.26.4.linux-amd64.tar.gz"

[tools.go."platforms.macos-arm64"]
checksum = "sha256:b62ad2b6d7d2464f12a5bcad7ff47f19d08325773b5efd21610e445a05a9bf53"
url = "https://dl.google.com/go/go1.26.4.darwin-arm64.tar.gz"

[tools.go."platforms.macos-x64"]
checksum = "sha256:05dc9b5f9997744520aaebb3d5deaa7c755371aebbfb7f97c2511a9f3367538d"
url = "https://dl.google.com/go/go1.26.4.darwin-amd64.tar.gz"

[tools.go."platforms.windows-x64"]
checksum = "sha256:3ca8fb4630b07c419cbdd51f754e31363cfcfb83b3a5354d9e895c90be2cc345"
url = "https://dl.google.com/go/go1.26.4.windows-amd64.zip"

[[tools.golangci-lint]]
version = "2.12.2"
backend = "aqua:golangci/golangci-lint"

[tools.golangci-lint."platforms.linux-arm64"]
checksum = "sha256:44cd40a8c76c86755375adfeea52cfd3533cb43d7bd647771e0ae065e166df3a"
url = "https://github.com/golangci/golangci-lint/releases/download/v2.12.2/golangci-lint-2.12.2-linux-arm64.tar.gz"
provenance = "github-attestations"

[tools.golangci-lint."platforms.linux-arm64-musl"]
checksum = "sha256:44cd40a8c76c86755375adfeea52cfd3533cb43d7bd647771e0ae065e166df3a"
url = "https://github.com/golangci/golangci-lint/releases/download/v2.12.2/golangci-lint-2.12.2-linux-arm64.tar.gz"
provenance = "github-attestations"

[tools.golangci-lint."platforms.linux-x64"]
checksum = "sha256:8df580d2670fed8fa984aac0507099af8df275e665215f5c7a2ae3943893a553"
url = "https://github.com/golangci/golangci-lint/releases/download/v2.12.2/golangci-lint-2.12.2-linux-amd64.tar.gz"
provenance = "github-attestations"

[tools.golangci-lint."platforms.linux-x64-musl"]
checksum = "sha256:8df580d2670fed8fa984aac0507099af8df275e665215f5c7a2ae3943893a553"
url = "https://github.com/golangci/golangci-lint/releases/download/v2.12.2/golangci-lint-2.12.2-linux-amd64.tar.gz"
provenance = "github-attestations"

[tools.golangci-lint."platforms.macos-arm64"]
checksum = "sha256:a9c54498731b3128f79e090be6110f3e5fffccc617b08142ed244d4126c73f29"
url = "https://github.com/golangci/golangci-lint/releases/download/v2.12.2/golangci-lint-2.12.2-darwin-arm64.tar.gz"
provenance = "github-attestations"

[tools.golangci-lint."platforms.macos-x64"]
checksum = "sha256:f6f06d94b6241521c53d15450c5209b028270bf966f842afb11c030c79f5bc16"
url = "https://github.com/golangci/golangci-lint/releases/download/v2.12.2/golangci-lint-2.12.2-darwin-amd64.tar.gz"
provenance = "github-attestations"

[tools.golangci-lint."platforms.windows-x64"]
checksum = "sha256:bd42e3ebc8cb4ececb86941983baaf1dc221bbb04d838e94ce63b49cc91e02bb"
url = "https://github.com/golangci/golangci-lint/releases/download/v2.12.2/golangci-lint-2.12.2-windows-amd64.zip"
provenance = "github-attestations"

[[tools.hcloud]]
version = "1.61.0"
backend = "aqua:hetznercloud/cli"

[tools.hcloud."platforms.linux-arm64"]
checksum = "sha256:73d4a749cc2537c399d8d2d723cf6018eef4852872c4b3f8f7f97b7d7f65fb07"
url = "https://github.com/hetznercloud/cli/releases/download/v1.61.0/hcloud-linux-arm64.tar.gz"

[tools.hcloud."platforms.linux-arm64-musl"]
checksum = "sha256:73d4a749cc2537c399d8d2d723cf6018eef4852872c4b3f8f7f97b7d7f65fb07"
url = "https://github.com/hetznercloud/cli/releases/download/v1.61.0/hcloud-linux-arm64.tar.gz"

[tools.hcloud."platforms.linux-x64"]
checksum = "sha256:86da8a0bbff6d56ca39041e4594c2af3b50baf0971526a67669639a213b51936"
url = "https://github.com/hetznercloud/cli/releases/download/v1.61.0/hcloud-linux-amd64.tar.gz"

[tools.hcloud."platforms.linux-x64-musl"]
checksum = "sha256:86da8a0bbff6d56ca39041e4594c2af3b50baf0971526a67669639a213b51936"
url = "https://github.com/hetznercloud/cli/releases/download/v1.61.0/hcloud-linux-amd64.tar.gz"

[tools.hcloud."platforms.macos-arm64"]
checksum = "sha256:3ba126a2b3768866cd4d16f22149cb168668841ab3d9b18e7127515a1a346d48"
url = "https://github.com/hetznercloud/cli/releases/download/v1.61.0/hcloud-darwin-arm64.tar.gz"

[tools.hcloud."platforms.macos-x64"]
checksum = "sha256:509ed9b0a1f637685211f7b996ab8a28da244570ac324c6e50c2155e03ab9600"
url = "https://github.com/hetznercloud/cli/releases/download/v1.61.0/hcloud-darwin-amd64.tar.gz"

[tools.hcloud."platforms.windows-x64"]
checksum = "sha256:e73d2476de51b5efa90f67c74543dc419c751d40b4424dea69c71d9fe9ac5601"
url = "https://github.com/hetznercloud/cli/releases/download/v1.61.0/hcloud-windows-amd64.zip"

[[tools.helm]]
version = "4.1.1"
backend = "aqua:helm/helm"

[tools.helm."platforms.linux-arm64"]
checksum = "sha256:02a5fb7742469d2d132e24cb7c3f52885894043576588c6788b6813297629edd"
url = "https://get.helm.sh/helm-v4.1.1-linux-arm64.tar.gz"

[tools.helm."platforms.linux-arm64-musl"]
checksum = "sha256:02a5fb7742469d2d132e24cb7c3f52885894043576588c6788b6813297629edd"
url = "https://get.helm.sh/helm-v4.1.1-linux-arm64.tar.gz"

[tools.helm."platforms.linux-x64"]
checksum = "sha256:5d4c7623283e6dfb1971957f4b755468ab64917066a8567dd50464af298f4031"
url = "https://get.helm.sh/helm-v4.1.1-linux-amd64.tar.gz"

[tools.helm."platforms.linux-x64-musl"]
checksum = "sha256:5d4c7623283e6dfb1971957f4b755468ab64917066a8567dd50464af298f4031"
url = "https://get.helm.sh/helm-v4.1.1-linux-amd64.tar.gz"

[tools.helm."platforms.macos-arm64"]
checksum = "sha256:b8f49e105b1d2fd8c8a90ba3fc9af48db91d2d1ca3b9e788352fc7c896bbb71a"
url = "https://get.helm.sh/helm-v4.1.1-darwin-arm64.tar.gz"

[tools.helm."platforms.macos-x64"]
checksum = "sha256:6b8dbb03abb74e9ab8e69ca3f9b6459178be11317d0ac502f922621c05fdc866"
url = "https://get.helm.sh/helm-v4.1.1-darwin-amd64.tar.gz"

[tools.helm."platforms.windows-x64"]
checksum = "sha256:bd0528a18d8a22431426eab3138a9479dfae00350719ac4150e81b123bfd6081"
url = "https://get.helm.sh/helm-v4.1.1-windows-amd64.tar.gz"

[[tools.jq]]
version = "1.8.1"
backend = "aqua:jqlang/jq"

[tools.jq."platforms.linux-arm64"]
checksum = "sha256:6bc62f25981328edd3cfcfe6fe51b073f2d7e7710d7ef7fcdac28d4e384fc3d4"
url = "https://github.com/jqlang/jq/releases/download/jq-1.8.1/jq-linux-arm64"
provenance = "github-attestations"

[tools.jq."platforms.linux-arm64-musl"]
checksum = "sha256:6bc62f25981328edd3cfcfe6fe51b073f2d7e7710d7ef7fcdac28d4e384fc3d4"
url = "https://github.com/jqlang/jq/releases/download/jq-1.8.1/jq-linux-arm64"
provenance = "github-attestations"

[tools.jq."platforms.linux-x64"]
checksum = "sha256:020468de7539ce70ef1bceaf7cde2e8c4f2ca6c3afb84642aabc5c97d9fc2a0d"
url = "https://github.com/jqlang/jq/releases/download/jq-1.8.1/jq-linux-amd64"
provenance = "github-attestations"

[tools.jq."platforms.linux-x64-musl"]
checksum = "sha256:020468de7539ce70ef1bceaf7cde2e8c4f2ca6c3afb84642aabc5c97d9fc2a0d"
url = "https://github.com/jqlang/jq/releases/download/jq-1.8.1/jq-linux-amd64"
provenance = "github-attestations"

[tools.jq."platforms.macos-arm64"]
checksum = "sha256:a9fe3ea2f86dfc72f6728417521ec9067b343277152b114f4e98d8cb0e263603"
url = "https://github.com/jqlang/jq/releases/download/jq-1.8.1/jq-macos-arm64"
provenance = "github-attestations"

[tools.jq."platforms.macos-x64"]
checksum = "sha256:e80dbe0d2a2597e3c11c404f03337b981d74b4a8504b70586c354b7697a7c27f"
url = "https://github.com/jqlang/jq/releases/download/jq-1.8.1/jq-macos-amd64"
provenance = "github-attestations"

[tools.jq."platforms.windows-x64"]
checksum = "sha256:23cb60a1354eed6bcc8d9b9735e8c7b388cd1fdcb75726b93bc299ef22dd9334"
url = "https://github.com/jqlang/jq/releases/download/jq-1.8.1/jq-windows-amd64.exe"
provenance = "github-attestations"

[[tools.kind]]
version = "0.32.0"
backend = "aqua:kubernetes-sigs/kind"

[tools.kind."platforms.linux-arm64"]
checksum = "sha256:b92cd615e97585de8ddade28ed5cd7feb4248d717c233eea5b03c37298900f5d"
url = "https://github.com/kubernetes-sigs/kind/releases/download/v0.32.0/kind-linux-arm64"

[tools.kind."platforms.linux-arm64-musl"]
checksum = "sha256:b92cd615e97585de8ddade28ed5cd7feb4248d717c233eea5b03c37298900f5d"
url = "https://github.com/kubernetes-sigs/kind/releases/download/v0.32.0/kind-linux-arm64"

[tools.kind."platforms.linux-x64"]
checksum = "sha256:50030de23cf40a18505f20426f6a8506bedf13c6e509244bd1fa9463721b0f54"
url = "https://github.com/kubernetes-sigs/kind/releases/download/v0.32.0/kind-linux-amd64"

[tools.kind."platforms.linux-x64-musl"]
checksum = "sha256:50030de23cf40a18505f20426f6a8506bedf13c6e509244bd1fa9463721b0f54"
url = "https://github.com/kubernetes-sigs/kind/releases/download/v0.32.0/kind-linux-amd64"

[tools.kind."platforms.macos-arm64"]
checksum = "sha256:dca67911095a110c2b5c36e26df6cac860c602033e456c0db47be498cdef1ebb"
url = "https://github.com/kubernetes-sigs/kind/releases/download/v0.32.0/kind-darwin-arm64"

[tools.kind."platforms.macos-x64"]
checksum = "sha256:295ac6d0d634c9819c9907df45e3017d1f13166bd13c3404c45e79f7faa47498"
url = "https://github.com/kubernetes-sigs/kind/releases/download/v0.32.0/kind-darwin-amd64"

[tools.kind."platforms.windows-x64"]
checksum = "sha256:0bcb2d1cfedc1912d664014db716937e8a0e843e91c6807b4db2025dbc8989fa"
url = "https://github.com/kubernetes-sigs/kind/releases/download/v0.32.0/kind-windows-amd64"

[[tools.kube-controller-tools]]
version = "0.21.0"
backend = "github:kubernetes-sigs/controller-tools"

[tools.kube-controller-tools."platforms.linux-arm64"]
checksum = "sha256:1af64bb144658c61f1b61c6392e17d56dd4f7364497625613ff435d7e468f60b"
url = "https://github.com/kubernetes-sigs/controller-tools/releases/download/v0.21.0/controller-gen-linux-arm64"
url_api = "https://api.github.com/repos/kubernetes-sigs/controller-tools/releases/assets/413514955"

[tools.kube-controller-tools."platforms.linux-arm64-musl"]
checksum = "sha256:1af64bb144658c61f1b61c6392e17d56dd4f7364497625613ff435d7e468f60b"
url = "https://github.com/kubernetes-sigs/controller-tools/releases/download/v0.21.0/controller-gen-linux-arm64"
url_api = "https://api.github.com/repos/kubernetes-sigs/controller-tools/releases/assets/413514955"

[tools.kube-controller-tools."platforms.linux-x64"]
checksum = "sha256:3ec7994b7a41515a7ad8aef8e517429c0a78060df59d5587ac8662db6a8b035f"
url = "https://github.com/kubernetes-sigs/controller-tools/releases/download/v0.21.0/controller-gen-linux-amd64"
url_api = "https://api.github.com/repos/kubernetes-sigs/controller-tools/releases/assets/413514957"

[tools.kube-controller-tools."platforms.linux-x64-musl"]
checksum = "sha256:3ec7994b7a41515a7ad8aef8e517429c0a78060df59d5587ac8662db6a8b035f"
url = "https://github.com/kubernetes-sigs/controller-tools/releases/download/v0.21.0/controller-gen-linux-amd64"
url_api = "https://api.github.com/repos/kubernetes-sigs/controller-tools/releases/assets/413514957"

[tools.kube-controller-tools."platforms.macos-arm64"]
checksum = "sha256:13ac7abcd90dd2129da972024bea7da5be7df2c5404c8f715010490996f4ab43"
url = "https://github.com/kubernetes-sigs/controller-tools/releases/download/v0.21.0/controller-gen-darwin-arm64"
url_api = "https://api.github.com/repos/kubernetes-sigs/controller-tools/releases/assets/413514954"

[tools.kube-controller-tools."platforms.macos-x64"]
checksum = "sha256:96fc4e98d7144e37bae90b73631c9dad944ccfb69002fc7c9d1ab448babb207d"
url = "https://github.com/kubernetes-sigs/controller-tools/releases/download/v0.21.0/controller-gen-darwin-amd64"
url_api = "https://api.github.com/repos/kubernetes-sigs/controller-tools/releases/assets/413514958"

[tools.kube-controller-tools."platforms.windows-x64"]
checksum = "sha256:a49ec014273de590ea1d898179fe5c07876b4bdb84f6b9b3474fab6dc43c554a"
url = "https://github.com/kubernetes-sigs/controller-tools/releases/download/v0.21.0/controller-gen-windows-amd64.exe"
url_api = "https://api.github.com/repos/kubernetes-sigs/controller-tools/releases/assets/413514953"

[[tools.kubectl]]
version = "1.35.1"
backend = "aqua:kubernetes/kubernetes/kubectl"

[tools.kubectl."platforms.linux-arm64"]
checksum = "sha256:706256e21a4e9192ee62d1a007ac0bfcff2b0b26e92cc7baad487a6a5d08ff82"
url = "https://dl.k8s.io/v1.35.1/bin/linux/arm64/kubectl"

[tools.kubectl."platforms.linux-arm64-musl"]
checksum = "sha256:706256e21a4e9192ee62d1a007ac0bfcff2b0b26e92cc7baad487a6a5d08ff82"
url = "https://dl.k8s.io/v1.35.1/bin/linux/arm64/kubectl"

[tools.kubectl."platforms.linux-x64"]
checksum = "sha256:36e2f4ac66259232341dd7866952d64a958846470f6a9a6a813b9117bd965207"
url = "https://dl.k8s.io/v1.35.1/bin/linux/amd64/kubectl"

[tools.kubectl."platforms.linux-x64-musl"]
checksum = "sha256:36e2f4ac66259232341dd7866952d64a958846470f6a9a6a813b9117bd965207"
url = "https://dl.k8s.io/v1.35.1/bin/linux/amd64/kubectl"

[tools.kubectl."platforms.macos-arm64"]
checksum = "sha256:2b000dded317319b1ebca19c2bc70f772c7aaa0e8962fae2d987ba04dd1a1b50"
url = "https://dl.k8s.io/v1.35.1/bin/darwin/arm64/kubectl"

[tools.kubectl."platforms.macos-x64"]
checksum = "sha256:07a04d82bc2de2f5d53dfd81f2109ca864f634a82b225257daa2f9c2db15ccef"
url = "https://dl.k8s.io/v1.35.1/bin/darwin/amd64/kubectl"

[tools.kubectl."platforms.windows-x64"]
checksum = "sha256:d2d28ca3440ed94262b9b4bffb30119cfca69ac30b9cad531a08e8ebd9720dd2"
url = "https://dl.k8s.io/v1.35.1/bin/windows/amd64/kubectl.exe"

[[tools.lefthook]]
version = "2.1.9"
backend = "aqua:evilmartians/lefthook"

[tools.lefthook."platforms.linux-arm64"]
checksum = "sha256:d1bae1c9c26b35270dd675c93c33cecead885368ed078b3976ec23cdcedd28e8"
url = "https://github.com/evilmartians/lefthook/releases/download/v2.1.9/lefthook_2.1.9_Linux_aarch64.gz"
provenance = "github-attestations"

[tools.lefthook."platforms.linux-arm64-musl"]
checksum = "sha256:d1bae1c9c26b35270dd675c93c33cecead885368ed078b3976ec23cdcedd28e8"
url = "https://github.com/evilmartians/lefthook/releases/download/v2.1.9/lefthook_2.1.9_Linux_aarch64.gz"
provenance = "github-attestations"

[tools.lefthook."platforms.linux-x64"]
checksum = "sha256:e938f34bd05bafe1155888879a045ef4ee8cf5b4a56c9e5e9b0c2649f295636e"
url = "https://github.com/evilmartians/lefthook/releases/download/v2.1.9/lefthook_2.1.9_Linux_x86_64.gz"
provenance = "github-attestations"

[tools.lefthook."platforms.linux-x64-musl"]
checksum = "sha256:e938f34bd05bafe1155888879a045ef4ee8cf5b4a56c9e5e9b0c2649f295636e"
url = "https://github.com/evilmartians/lefthook/releases/download/v2.1.9/lefthook_2.1.9_Linux_x86_64.gz"
provenance = "github-attestations"

[tools.lefthook."platforms.macos-arm64"]
checksum = "sha256:808f8ef81a61e01eb41c1a2951e5639804f2372dc6a484bbeff726406745c77f"
url = "https://github.com/evilmartians/lefthook/releases/download/v2.1.9/lefthook_2.1.9_MacOS_arm64.gz"
provenance = "github-attestations"

[tools.lefthook."platforms.macos-x64"]
checksum = "sha256:371c3c75cb07a8cdf41295596d3981adc1f92dee7795001f7d471e1f36fe2a0e"
url = "https://github.com/evilmartians/lefthook/releases/download/v2.1.9/lefthook_2.1.9_MacOS_x86_64.gz"
provenance = "github-attestations"

[tools.lefthook."platforms.windows-x64"]
checksum = "sha256:1f29681dfbc36b9bdde52139cca6c4668ea4d51fd81e9127a3b78f49369db67e"
url = "https://github.com/evilmartians/lefthook/releases/download/v2.1.9/lefthook_2.1.9_Windows_x86_64.gz"
provenance = "github-attestations"

[[tools.opentofu]]
version = "1.11.4"
backend = "aqua:opentofu/opentofu"

[tools.opentofu."platforms.linux-arm64"]
checksum = "sha256:6b81ff00501737fd3459fef6cee9c06ce2b08683f6b7af110b2616468d024228"
url = "https://github.com/opentofu/opentofu/releases/download/v1.11.4/tofu_1.11.4_linux_arm64.tar.gz"

[tools.opentofu."platforms.linux-arm64-musl"]
checksum = "sha256:6b81ff00501737fd3459fef6cee9c06ce2b08683f6b7af110b2616468d024228"
url = "https://github.com/opentofu/opentofu/releases/download/v1.11.4/tofu_1.11.4_linux_arm64.tar.gz"

[tools.opentofu."platforms.linux-x64"]
checksum = "sha256:0d744081951095c3e54fd4f0af5c48491ec03116ab02f1ad5ca4ed60d3b60efd"
url = "https://github.com/opentofu/opentofu/releases/download/v1.11.4/tofu_1.11.4_linux_amd64.tar.gz"

[tools.opentofu."platforms.linux-x64-musl"]
checksum = "sha256:0d744081951095c3e54fd4f0af5c48491ec03116ab02f1ad5ca4ed60d3b60efd"
url = "https://github.com/opentofu/opentofu/releases/download/v1.11.4/tofu_1.11.4_linux_amd64.tar.gz"

[tools.opentofu."platforms.macos-arm64"]
checksum = "sha256:2e52b9baccf925a1516ae850112b6eddce35d96e9b59fa954d191d6e8ef3af5f"
url = "https://github.com/opentofu/opentofu/releases/download/v1.11.4/tofu_1.11.4_darwin_arm64.tar.gz"

[tools.opentofu."platforms.macos-x64"]
checksum = "sha256:46abdd10b826e864f6daf2013a6f0dbc079d8c6e0f79b529138b7da50bea502f"
url = "https://github.com/opentofu/opentofu/releases/download/v1.11.4/tofu_1.11.4_darwin_amd64.tar.gz"

[tools.opentofu."platforms.windows-x64"]
checksum = "sha256:2cf504355d9c0d4bdf9fbb209b81c5fc4b441cc32af23b26f0220fe08c56529f"
url = "https://github.com/opentofu/opentofu/releases/download/v1.11.4/tofu_1.11.4_windows_amd64.tar.gz"

[[tools.oxfmt]]
version = "0.53.0"
backend = "npm:oxfmt"

[[tools.setup-envtest]]
version = "0.24.1"
backend = "aqua:kubernetes-sigs/controller-runtime/setup-envtest"

[tools.setup-envtest."platforms.linux-arm64"]
checksum = "sha256:c5d8968ec3f2a120b66bc13bd36f80fe4150c34aae7cc491bf9624c8680296c7"
url = "https://github.com/kubernetes-sigs/controller-runtime/releases/download/v0.24.1/setup-envtest-linux-arm64"

[tools.setup-envtest."platforms.linux-arm64-musl"]
checksum = "sha256:c5d8968ec3f2a120b66bc13bd36f80fe4150c34aae7cc491bf9624c8680296c7"
url = "https://github.com/kubernetes-sigs/controller-runtime/releases/download/v0.24.1/setup-envtest-linux-arm64"

[tools.setup-envtest."platforms.linux-x64"]
checksum = "sha256:a9a78fadfc338a38188332f36863c76877f1c86df1a83d2241d2bfc3935297d2"
url = "https://github.com/kubernetes-sigs/controller-runtime/releases/download/v0.24.1/setup-envtest-linux-amd64"

[tools.setup-envtest."platforms.linux-x64-musl"]
checksum = "sha256:a9a78fadfc338a38188332f36863c76877f1c86df1a83d2241d2bfc3935297d2"
url = "https://github.com/kubernetes-sigs/controller-runtime/releases/download/v0.24.1/setup-envtest-linux-amd64"

[tools.setup-envtest."platforms.macos-arm64"]
checksum = "sha256:7e59a0d526f6946aa2f114d34b2e309639c811f3a4f83d56f37b6e3197c6fdfb"
url = "https://github.com/kubernetes-sigs/controller-runtime/releases/download/v0.24.1/setup-envtest-darwin-arm64"

[tools.setup-envtest."platforms.macos-x64"]
checksum = "sha256:3fb17f2b1b0f09b7e5395180bd2bcb1d53bb78d72bb0415106b7ae8bf64e23d0"
url = "https://github.com/kubernetes-sigs/controller-runtime/releases/download/v0.24.1/setup-envtest-darwin-amd64"

[tools.setup-envtest."platforms.windows-x64"]
checksum = "sha256:e50f6272ff3c649a57c41eb6cae1957083185a150d1a0cca4061c71430298260"
url = "https://github.com/kubernetes-sigs/controller-runtime/releases/download/v0.24.1/setup-envtest-windows-amd64.exe"

[[tools.stern]]
version = "1.33.1"
backend = "aqua:stern/stern"

[tools.stern."platforms.linux-arm64"]
checksum = "sha256:41ff85d85aeaf6f61b1cfb7aeccad64d7f66051b51f955f55b49ce20b5822374"
url = "https://github.com/stern/stern/releases/download/v1.33.1/stern_1.33.1_linux_arm64.tar.gz"

[tools.stern."platforms.linux-arm64-musl"]
checksum = "sha256:41ff85d85aeaf6f61b1cfb7aeccad64d7f66051b51f955f55b49ce20b5822374"
url = "https://github.com/stern/stern/releases/download/v1.33.1/stern_1.33.1_linux_arm64.tar.gz"

[tools.stern."platforms.linux-x64"]
checksum = "sha256:185be29c6a22bd07c0791ec697900943c0cc27292e5a5640a07a543886f1bfc9"
url = "https://github.com/stern/stern/releases/download/v1.33.1/stern_1.33.1_linux_amd64.tar.gz"

[tools.stern."platforms.linux-x64-musl"]
checksum = "sha256:185be29c6a22bd07c0791ec697900943c0cc27292e5a5640a07a543886f1bfc9"
url = "https://github.com/stern/stern/releases/download/v1.33.1/stern_1.33.1_linux_amd64.tar.gz"

[tools.stern."platforms.macos-arm64"]
checksum = "sha256:bdca897b9bd5a0ee8b4d1f4e00c8e63cf503d2f85abceab4ae6a276a7d232d95"
url = "https://github.com/stern/stern/releases/download/v1.33.1/stern_1.33.1_darwin_arm64.tar.gz"

[tools.stern."platforms.macos-x64"]
checksum = "sha256:6dc34102318ef012a4cb16f786c5930240b202b33c20666399230826e857107e"
url = "https://github.com/stern/stern/releases/download/v1.33.1/stern_1.33.1_darwin_amd64.tar.gz"

[tools.stern."platforms.windows-x64"]
checksum = "sha256:e1451cac9f01dbd9ab9aacde9d8e8d7fa800970f51054d4ffaa04f6d3bf959bd"
url = "https://github.com/stern/stern/releases/download/v1.33.1/stern_1.33.1_windows_amd64.tar.gz"

[[tools.talosctl]]
version = "1.12.4"
backend = "aqua:siderolabs/talos"

[tools.talosctl."platforms.linux-arm64"]
checksum = "sha256:5d6f37684d337a9b689216a4e7cc07b58996bad34afbd9d032ab1bd058cfe282"
url = "https://github.com/siderolabs/talos/releases/download/v1.12.4/talosctl-linux-arm64"
provenance = "cosign"

[tools.talosctl."platforms.linux-arm64-musl"]
checksum = "sha256:5d6f37684d337a9b689216a4e7cc07b58996bad34afbd9d032ab1bd058cfe282"
url = "https://github.com/siderolabs/talos/releases/download/v1.12.4/talosctl-linux-arm64"
provenance = "cosign"

[tools.talosctl."platforms.linux-x64"]
checksum = "sha256:6b85f633721e02d31c8a28a633c9cd8ebfb7e41677ff29e94236a082d4cd6cd9"
url = "https://github.com/siderolabs/talos/releases/download/v1.12.4/talosctl-linux-amd64"
provenance = "cosign"

[tools.talosctl."platforms.linux-x64-musl"]
checksum = "sha256:6b85f633721e02d31c8a28a633c9cd8ebfb7e41677ff29e94236a082d4cd6cd9"
url = "https://github.com/siderolabs/talos/releases/download/v1.12.4/talosctl-linux-amd64"
provenance = "cosign"

[tools.talosctl."platforms.macos-arm64"]
checksum = "sha256:f4c94d4832e9d41f67cc63cd362cc0bfd44d8c675e9ff04541411be40916096c"
url = "https://github.com/siderolabs/talos/releases/download/v1.12.4/talosctl-darwin-arm64"
provenance = "cosign"

[tools.talosctl."platforms.macos-x64"]
checksum = "sha256:c0b7283352ea0ce7d6435c663727a2cfef7f504c9b404f982b2f960501f3d9c8"
url = "https://github.com/siderolabs/talos/releases/download/v1.12.4/talosctl-darwin-amd64"
provenance = "cosign"

[tools.talosctl."platforms.windows-x64"]
checksum = "sha256:04254eb23357e4e18c8aba9409d5541bba5d309db56c77ca3daaa86ed914d406"
url = "https://github.com/siderolabs/talos/releases/download/v1.12.4/talosctl-windows-amd64.exe"
provenance = "cosign"

[[tools.zizmor]]
version = "1.25.2"
backend = "aqua:zizmorcore/zizmor"

[tools.zizmor."platforms.linux-arm64"]
checksum = "sha256:4b4b9491112c2a09b318101c0d3349b73af1c4f532e097dd6d0164f2abda760d"
url = "https://github.com/zizmorcore/zizmor/releases/download/v1.25.2/zizmor-aarch64-unknown-linux-gnu.tar.gz"
provenance = "github-attestations"

[tools.zizmor."platforms.linux-arm64-musl"]
provenance = "github-attestations"

[tools.zizmor."platforms.linux-x64"]
checksum = "sha256:aa1facd105f0d83fe5c55b1adcd9d7417de5d83aa27471f91dc0b66cf3803577"
url = "https://github.com/zizmorcore/zizmor/releases/download/v1.25.2/zizmor-x86_64-unknown-linux-gnu.tar.gz"
provenance = "github-attestations"

[tools.zizmor."platforms.linux-x64-musl"]
provenance = "github-attestations"

[tools.zizmor."platforms.macos-arm64"]
checksum = "sha256:624ef0e09521aecd862126be0f6d7754669af2646750d68ac48a114be33c3146"
url = "https://github.com/zizmorcore/zizmor/releases/download/v1.25.2/zizmor-aarch64-apple-darwin.tar.gz"
provenance = "github-attestations"

[tools.zizmor."platforms.macos-x64"]
checksum = "sha256:353271b9ec301dd4ba158af481323c831c6e9b494d5ac3f5aa58cf4b207699cc"
url = "https://github.com/zizmorcore/zizmor/releases/download/v1.25.2/zizmor-x86_64-apple-darwin.tar.gz"
provenance = "github-attestations"

[tools.zizmor."platforms.windows-x64"]
checksum = "sha256:65d46a8144f701200621b580f632076d80d082d60856de9f88793a95fb5882d7"
url = "https://github.com/zizmorcore/zizmor/releases/download/v1.25.2/zizmor-x86_64-pc-windows-msvc.zip"
provenance = "github-attestations"
